
Microsoft Visual Studio Solution File, Format Version 12.00
# Visual Studio Version 16
VisualStudioVersion = 16.0.31911.196
MinimumVisualStudioVersion = 10.0.40219.1
Project("{FAE04EC0-301F-11D3-BF4B-00C04F79EFBC}") = "RabbitMQTest.Consumer", "RabbitMQTest.Consumer\RabbitMQTest.Consumer.csproj", "{F3309EFF-6B26-4B33-8C6B-7186B84902B2}"
EndProject
Project("{FAE04EC0-301F-11D3-BF4B-00C04F79EFBC}") = "RabbitMQTest.Publisher", "RabbitMQTest.Publisher\RabbitMQTest.Publisher.csproj", "{6EB65227-71CA-48B3-8ACC-D4FCE132FD35}"
EndProject
Global
	GlobalSection(SolutionConfigurationPlatforms) = preSolution
		Debug|Any CPU = Debug|Any CPU
		Release|Any CPU = Release|Any CPU
	EndGlobalSection
	GlobalSection(ProjectConfigurationPlatforms) = postSolution
		{F3309EFF-6B26-4B33-8C6B-7186B84902B2}.Debug|Any CPU.ActiveCfg = Debug|Any CPU
		{F3309EFF-6B26-4B33-8C6B-7186B84902B2}.Debug|Any CPU.Build.0 = Debug|Any CPU
		{F3309EFF-6B26-4B33-8C6B-7186B84902B2}.Release|Any CPU.ActiveCfg = Release|Any CPU
		{F3309EFF-6B26-4B33-8C6B-7186B84902B2}.Release|Any CPU.Build.0 = Release|Any CPU
		{6EB65227-71CA-48B3-8ACC-D4FCE132FD35}.Debug|Any CPU.ActiveCfg = Debug|Any CPU
		{6EB65227-71CA-48B3-8ACC-D4FCE132FD35}.Debug|Any CPU.Build.0 = Debug|Any CPU
		{6EB65227-71CA-48B3-8ACC-D4FCE132FD35}.Release|Any CPU.ActiveCfg = Release|Any CPU
		{6EB65227-71CA-48B3-8ACC-D4FCE132FD35}.Release|Any CPU.Build.0 = Release|Any CPU
	EndGlobalSection
	GlobalSection(SolutionProperties) = preSolution
		HideSolutionNode = FALSE
	EndGlobalSection
	GlobalSection(ExtensibilityGlobals) = postSolution
		SolutionGuid = {E8FC7DA9-089C-433A-ACF3-426A63837453}
	EndGlobalSection
EndGlobal
